{
    "_readme": [
        "This file locks the dependencies of your project to a known state",
        "Read more about it at https://getcomposer.org/doc/01-basic-usage.md#installing-dependencies",
        "This file is @generated automatically"
    ],
    "content-hash": "63d0f6e91c6032fd08a338b2e52eaa30",
    "packages": [
        {
            "name": "chillerlan/php-qrcode",
            "version": "4.3.1",
            "source": {
                "type": "git",
                "url": "https://github.com/chillerlan/php-qrcode.git",
                "reference": "be3beb936c21fe53a4e7e8f7f3582e9f02443666"
            },
            "dist": {
                "type": "zip",
                "url": "https://api.github.com/repos/chillerlan/php-qrcode/zipball/be3beb936c21fe53a4e7e8f7f3582e9f02443666",
                "reference": "be3beb936c21fe53a4e7e8f7f3582e9f02443666",
                "shasum": ""
            },
            "require": {
                "chillerlan/php-settings-container": "^2.1",
                "ext-mbstring": "*",
                "php": "^7.4 || ^8.0"
            },
            "require-dev": {
                "phan/phan": "^3.2.2",
                "phpunit/phpunit": "^9.5",
                "setasign/fpdf": "^1.8.2"
            },
            "suggest": {
                "chillerlan/php-authenticator": "Yet another Google authenticator! Also creates URIs for mobile apps.",
                "setasign/fpdf": "Required to use the QR FPDF output."
            },
            "type": "library",
            "autoload": {
                "psr-4": {
                    "chillerlan\\QRCode\\": "src/"
                }
            },
            "notification-url": "https://packagist.org/downloads/",
            "license": [
                "MIT"
            ],
            "authors": [
                {
                    "name": "Kazuhiko Arase",
                    "homepage": "https://github.com/kazuhikoarase"
                },
                {
                    "name": "Smiley",
                    "email": "smiley@chillerlan.net",
                    "homepage": "https://github.com/codemasher"
                },
                {
                    "name": "Contributors",
                    "homepage": "https://github.com/chillerlan/php-qrcode/graphs/contributors"
                }
            ],
            "description": "A QR code generator. PHP 7.4+",
            "homepage": "https://github.com/chillerlan/php-qrcode",
            "keywords": [
                "phpqrcode",
                "qr",
                "qr code",
                "qrcode",
                "qrcode-generator"
            ],
            "support": {
                "issues": "https://github.com/chillerlan/php-qrcode/issues",
                "source": "https://github.com/chillerlan/php-qrcode/tree/4.3.1"
            },
            "funding": [
                {
                    "url": "https://www.paypal.com/donate?hosted_button_id=WLYUNAT9ZTJZ4",
                    "type": "custom"
                },
                {
                    "url": "https://ko-fi.com/codemasher",
                    "type": "ko_fi"
                }
            ],
            "time": "2021-01-05T21:21:28+00:00"
        },
        {
            "name": "chillerlan/php-settings-container",
            "version": "2.1.2",
            "source": {
                "type": "git",
                "url": "https://github.com/chillerlan/php-settings-container.git",
                "reference": "ec834493a88682dd69652a1eeaf462789ed0c5f5"
            },
            "dist": {
                "type": "zip",
                "url": "https://api.github.com/repos/chillerlan/php-settings-container/zipball/ec834493a88682dd69652a1eeaf462789ed0c5f5",
                "reference": "ec834493a88682dd69652a1eeaf462789ed0c5f5",
                "shasum": ""
            },
            "require": {
                "ext-json": "*",
                "php": "^7.4 || ^8.0"
            },
            "require-dev": {
                "phan/phan": "^4.0",
                "phpunit/phpunit": "^9.5"
            },
            "type": "library",
            "autoload": {
                "psr-4": {
                    "chillerlan\\Settings\\": "src/"
                }
            },
            "notification-url": "https://packagist.org/downloads/",
            "license": [
                "MIT"
            ],
            "authors": [
                {
                    "name": "Smiley",
                    "email": "smiley@chillerlan.net",
                    "homepage": "https://github.com/codemasher"
                }
            ],
            "description": "A container class for immutable settings objects. Not a DI container. PHP 7.4+",
            "homepage": "https://github.com/chillerlan/php-settings-container",
            "keywords": [
                "PHP7",
                "Settings",
                "container",
                "helper"
            ],
            "support": {
                "issues": "https://github.com/chillerlan/php-settings-container/issues",
                "source": "https://github.com/chillerlan/php-settings-container"
            },
            "funding": [
                {
                    "url": "https://www.paypal.com/donate?hosted_button_id=WLYUNAT9ZTJZ4",
                    "type": "custom"
                },
                {
                    "url": "https://ko-fi.com/codemasher",
                    "type": "ko_fi"
                }
            ],
            "time": "2021-09-06T15:17:01+00:00"
        },
        {
            "name": "mpdf/qrcode",
            "version": "v1.1.1",
            "source": {
                "type": "git",
                "url": "https://github.com/mpdf/qrcode.git",
                "reference": "f3c0a99e37e8489f0b91b7d2c394dcba0b38d71c"
            },
            "dist": {
                "type": "zip",
                "url": "https://api.github.com/repos/mpdf/qrcode/zipball/f3c0a99e37e8489f0b91b7d2c394dcba0b38d71c",
                "reference": "f3c0a99e37e8489f0b91b7d2c394dcba0b38d71c",
                "shasum": ""
            },
            "require": {
                "paragonie/random_compat": "^1.4|^2.0|^9.99.99",
                "php": "^5.6 || ^7.0 || ^8.0"
            },
            "require-dev": {
                "mockery/mockery": "^0.9.5",
                "phpunit/phpunit": "^5.0",
                "squizlabs/php_codesniffer": "^3.4",
                "tracy/tracy": "^2.5"
            },
            "suggest": {
                "ext-gd": "To output QR codes to PNG files"
            },
            "type": "library",
            "autoload": {
                "psr-4": {
                    "Mpdf\\QrCode\\": "src/"
                }
            },
            "notification-url": "https://packagist.org/downloads/",
            "license": [
                "LGPL-2.1-or-later"
            ],
            "authors": [
                {
                    "name": "Matěj Humpál",
                    "role": "maintainer"
                },
                {
                    "name": "Laurent Minguet",
                    "role": "author"
                }
            ],
            "description": "QR code generator for mPDF",
            "keywords": [
                "mpdf",
                "pdf",
                "php",
                "qr",
                "qrcode"
            ],
            "support": {
                "issues": "https://github.com/mpdf/qrcode/issues",
                "source": "https://github.com/mpdf/qrcode/tree/v1.1.1"
            },
            "time": "2021-01-12T18:16:41+00:00"
        },
        {
            "name": "paragonie/random_compat",
            "version": "v9.99.100",
            "source": {
                "type": "git",
                "url": "https://github.com/paragonie/random_compat.git",
                "reference": "996434e5492cb4c3edcb9168db6fbb1359ef965a"
            },
            "dist": {
                "type": "zip",
                "url": "https://api.github.com/repos/paragonie/random_compat/zipball/996434e5492cb4c3edcb9168db6fbb1359ef965a",
                "reference": "996434e5492cb4c3edcb9168db6fbb1359ef965a",
                "shasum": ""
            },
            "require": {
                "php": ">= 7"
            },
            "require-dev": {
                "phpunit/phpunit": "4.*|5.*",
                "vimeo/psalm": "^1"
            },
            "suggest": {
                "ext-libsodium": "Provides a modern crypto API that can be used to generate random bytes."
            },
            "type": "library",
            "notification-url": "https://packagist.org/downloads/",
            "license": [
                "MIT"
            ],
            "authors": [
                {
                    "name": "Paragon Initiative Enterprises",
                    "email": "security@paragonie.com",
                    "homepage": "https://paragonie.com"
                }
            ],
            "description": "PHP 5.x polyfill for random_bytes() and random_int() from PHP 7",
            "keywords": [
                "csprng",
                "polyfill",
                "pseudorandom",
                "random"
            ],
            "support": {
                "email": "info@paragonie.com",
                "issues": "https://github.com/paragonie/random_compat/issues",
                "source": "https://github.com/paragonie/random_compat"
            },
            "time": "2020-10-15T08:29:30+00:00"
        }
    ],
    "packages-dev": [],
    "aliases": [],
    "minimum-stability": "stable",
    "stability-flags": [],
    "prefer-stable": false,
    "prefer-lowest": false,
    "platform": [],
    "platform-dev": [],
    "plugin-api-version": "2.1.0"
}
